
Microsoft Visual Studio Solution File, Format Version 12.00
# Visual Studio Version 16
VisualStudioVersion = 16.0.30804.86
MinimumVisualStudioVersion = 10.0.40219.1
Project("{FAE04EC0-301F-11D3-BF4B-00C04F79EFBC}") = "Legate", "src\Legate\Legate.csproj", "{B9FA6251-8EB0-4743-8AAA-FC9A068E1E48}"
EndProject
Project("{FAE04EC0-301F-11D3-BF4B-00C04F79EFBC}") = "Legate.Tests", "tests\Legate.Tests\Legate.Tests.csproj", "{CC9174F0-4C45-4F94-8748-A5D39D16DFE5}"
EndProject
Global
	GlobalSection(SolutionConfigurationPlatforms) = preSolution
		Debug|Any CPU = Debug|Any CPU
		Release|Any CPU = Release|Any CPU
	EndGlobalSection
	GlobalSection(ProjectConfigurationPlatforms) = postSolution
		{B9FA6251-8EB0-4743-8AAA-FC9A068E1E48}.Debug|Any CPU.ActiveCfg = Debug|Any CPU
		{B9FA6251-8EB0-4743-8AAA-FC9A068E1E48}.Debug|Any CPU.Build.0 = Debug|Any CPU
		{B9FA6251-8EB0-4743-8AAA-FC9A068E1E48}.Release|Any CPU.ActiveCfg = Release|Any CPU
		{B9FA6251-8EB0-4743-8AAA-FC9A068E1E48}.Release|Any CPU.Build.0 = Release|Any CPU
		{CC9174F0-4C45-4F94-8748-A5D39D16DFE5}.Debug|Any CPU.ActiveCfg = Debug|Any CPU
		{CC9174F0-4C45-4F94-8748-A5D39D16DFE5}.Debug|Any CPU.Build.0 = Debug|Any CPU
		{CC9174F0-4C45-4F94-8748-A5D39D16DFE5}.Release|Any CPU.ActiveCfg = Release|Any CPU
		{CC9174F0-4C45-4F94-8748-A5D39D16DFE5}.Release|Any CPU.Build.0 = Release|Any CPU
	EndGlobalSection
	GlobalSection(SolutionProperties) = preSolution
		HideSolutionNode = FALSE
	EndGlobalSection
	GlobalSection(ExtensibilityGlobals) = postSolution
		SolutionGuid = {45F79A5E-1254-4A39-96CE-0D75A09D9221}
	EndGlobalSection
EndGlobal
